
Microsoft Visual Studio Solution File, Format Version 12.00
# Visual Studio Version 17
VisualStudioVersion = 17.5.33530.505
MinimumVisualStudioVersion = 10.0.40219.1
Project("{9A19103F-16F7-4668-BE54-9A1E7A4F7556}") = "Project.ENTITIES", "Project.ENTITIES\Project.ENTITIES.csproj", "{C1524D8B-FEBC-44B7-A37B-D6CBFC6EDA1B}"
EndProject
Project("{FAE04EC0-301F-11D3-BF4B-00C04F79EFBC}") = "Project.MAP", "Project.MAP\Project.MAP.csproj", "{FF10D186-3348-41E4-9370-FAC4EE3D6BDD}"
EndProject
Project("{FAE04EC0-301F-11D3-BF4B-00C04F79EFBC}") = "Project.DAL", "Project.DAL\Project.DAL.csproj", "{3C68188A-67AB-4C6C-BE83-20A39234985F}"
EndProject
Project("{FAE04EC0-301F-11D3-BF4B-00C04F79EFBC}") = "Project.COMMON", "Project.COMMON\Project.COMMON.csproj", "{9210D5A8-216B-4A57-A26C-904A962CA3E0}"
EndProject
Global
	GlobalSection(SolutionConfigurationPlatforms) = preSolution
		Debug|Any CPU = Debug|Any CPU
		Release|Any CPU = Release|Any CPU
	EndGlobalSection
	GlobalSection(ProjectConfigurationPlatforms) = postSolution
		{C1524D8B-FEBC-44B7-A37B-D6CBFC6EDA1B}.Debug|Any CPU.ActiveCfg = Debug|Any CPU
		{C1524D8B-FEBC-44B7-A37B-D6CBFC6EDA1B}.Debug|Any CPU.Build.0 = Debug|Any CPU
		{C1524D8B-FEBC-44B7-A37B-D6CBFC6EDA1B}.Release|Any CPU.ActiveCfg = Release|Any CPU
		{C1524D8B-FEBC-44B7-A37B-D6CBFC6EDA1B}.Release|Any CPU.Build.0 = Release|Any CPU
		{FF10D186-3348-41E4-9370-FAC4EE3D6BDD}.Debug|Any CPU.ActiveCfg = Debug|Any CPU
		{FF10D186-3348-41E4-9370-FAC4EE3D6BDD}.Debug|Any CPU.Build.0 = Debug|Any CPU
		{FF10D186-3348-41E4-9370-FAC4EE3D6BDD}.Release|Any CPU.ActiveCfg = Release|Any CPU
		{FF10D186-3348-41E4-9370-FAC4EE3D6BDD}.Release|Any CPU.Build.0 = Release|Any CPU
		{3C68188A-67AB-4C6C-BE83-20A39234985F}.Debug|Any CPU.ActiveCfg = Debug|Any CPU
		{3C68188A-67AB-4C6C-BE83-20A39234985F}.Debug|Any CPU.Build.0 = Debug|Any CPU
		{3C68188A-67AB-4C6C-BE83-20A39234985F}.Release|Any CPU.ActiveCfg = Release|Any CPU
		{3C68188A-67AB-4C6C-BE83-20A39234985F}.Release|Any CPU.Build.0 = Release|Any CPU
		{9210D5A8-216B-4A57-A26C-904A962CA3E0}.Debug|Any CPU.ActiveCfg = Debug|Any CPU
		{9210D5A8-216B-4A57-A26C-904A962CA3E0}.Debug|Any CPU.Build.0 = Debug|Any CPU
		{9210D5A8-216B-4A57-A26C-904A962CA3E0}.Release|Any CPU.ActiveCfg = Release|Any CPU
		{9210D5A8-216B-4A57-A26C-904A962CA3E0}.Release|Any CPU.Build.0 = Release|Any CPU
	EndGlobalSection
	GlobalSection(SolutionProperties) = preSolution
		HideSolutionNode = FALSE
	EndGlobalSection
	GlobalSection(ExtensibilityGlobals) = postSolution
		SolutionGuid = {F8B92C33-F6B1-46E9-9761-C2B322C8F9DA}
	EndGlobalSection
EndGlobal
